{
  "version": "4",
  "specifiers": {
    "jsr:@cliffy/command@1.0.0-rc.7": "1.0.0-rc.7",
    "jsr:@cliffy/flags@1.0.0-rc.7": "1.0.0-rc.7",
    "jsr:@cliffy/internal@1.0.0-rc.7": "1.0.0-rc.7",
    "jsr:@cliffy/table@1.0.0-rc.7": "1.0.0-rc.7",
    "jsr:@diskuto/client@0.10": "0.10.0",
    "jsr:@maxim-mazurok/sax-ts@1.2.13": "1.2.13",
    "jsr:@mikaelporttila/rss@^1.1.1": "1.1.1",
    "jsr:@noble/ed25519@^2.2.3": "2.2.3",
    "jsr:@noble/hashes@^1.7.0": "1.7.0",
    "jsr:@std/assert@1": "1.0.11",
    "jsr:@std/collections@^1.0.9": "1.0.9",
    "jsr:@std/encoding@^1.0.5": "1.0.6",
    "jsr:@std/fmt@~1.0.2": "1.0.4",
    "jsr:@std/html@1": "1.0.3",
    "jsr:@std/internal@^1.0.5": "1.0.5",
    "jsr:@std/text@~1.0.7": "1.0.10",
    "jsr:@std/toml@^1.0.2": "1.0.2",
    "npm:@bufbuild/protobuf@^2.2.1": "2.2.3",
    "npm:bs58@6": "6.0.0",
    "npm:bs58check@4": "4.0.0",
    "npm:node-html-markdown@^1.3.0": "1.3.0",
    "npm:zod@^3.24.1": "3.24.1"
  },
  "jsr": {
    "@cliffy/command@1.0.0-rc.7": {
      "integrity": "1288808d7a3cd18b86c24c2f920e47a6d954b7e23cadc35c8cbd78f8be41f0cd",
      "dependencies": [
        "jsr:@cliffy/flags",
        "jsr:@cliffy/internal",
        "jsr:@cliffy/table",
        "jsr:@std/fmt",
        "jsr:@std/text"
      ]
    },
    "@cliffy/flags@1.0.0-rc.7": {
      "integrity": "318d9be98f6a6417b108e03dec427dea96cdd41a15beb21d2554ae6da450a781",
      "dependencies": [
        "jsr:@std/text"
      ]
    },
    "@cliffy/internal@1.0.0-rc.7": {
      "integrity": "10412636ab3e67517d448be9eaab1b70c88eba9be22617b5d146257a11cc9b17"
    },
    "@cliffy/table@1.0.0-rc.7": {
      "integrity": "9fdd9776eda28a0b397981c400eeb1aa36da2371b43eefe12e6ff555290e3180",
      "dependencies": [
        "jsr:@std/fmt"
      ]
    },
    "@diskuto/client@0.10.0": {
      "integrity": "7413ee57898f64fe367df0c1d4cf2aa005d05183c33e97575d8ac988c8b71241",
      "dependencies": [
        "jsr:@noble/ed25519",
        "jsr:@noble/hashes",
        "jsr:@std/encoding",
        "npm:@bufbuild/protobuf",
        "npm:bs58",
        "npm:bs58check"
      ]
    },
    "@maxim-mazurok/sax-ts@1.2.13": {
      "integrity": "9f2f9a3ac1b142400940a4c9e916656fe63d4710a78102aeb8e08e863de2c76d"
    },
    "@mikaelporttila/rss@1.1.1": {
      "integrity": "f07d7a5a269398f00efd6913d14a92defa55bcb66a4de196a5a5c99ec9df4b8b",
      "dependencies": [
        "jsr:@maxim-mazurok/sax-ts"
      ]
    },
    "@noble/ed25519@2.2.3": {
      "integrity": "77d984ee6b823c8b1a4a36aa56105d60e696a4e7b599b821712d1251481e2f9c"
    },
    "@noble/hashes@1.7.0": {
      "integrity": "aabc691a2c41789b3387311a8e5d4651f96c210c55f587eb8849cc180eb7f7c8"
    },
    "@std/assert@1.0.11": {
      "integrity": "2461ef3c368fe88bc60e186e7744a93112f16fd110022e113a0849e94d1c83c1",
      "dependencies": [
        "jsr:@std/internal"
      ]
    },
    "@std/collections@1.0.9": {
      "integrity": "4f58104ead08a04a2199374247f07befe50ba01d9cca8cbb23ab9a0419921e71"
    },
    "@std/encoding@1.0.6": {
      "integrity": "ca87122c196e8831737d9547acf001766618e78cd8c33920776c7f5885546069"
    },
    "@std/fmt@1.0.4": {
      "integrity": "e14fe5bedee26f80877e6705a97a79c7eed599e81bb1669127ef9e8bc1e29a74"
    },
    "@std/html@1.0.3": {
      "integrity": "7a0ac35e050431fb49d44e61c8b8aac1ebd55937e0dc9ec6409aa4bab39a7988"
    },
    "@std/internal@1.0.5": {
      "integrity": "54a546004f769c1ac9e025abd15a76b6671ddc9687e2313b67376125650dc7ba"
    },
    "@std/text@1.0.10": {
      "integrity": "9dcab377450253c0efa9a9a0c731040bfd4e1c03f8303b5934381467b7954338"
    },
    "@std/toml@1.0.2": {
      "integrity": "5892ba489c5b512265a384238a8fe8dddbbb9498b4b210ef1b9f0336a423a39b",
      "dependencies": [
        "jsr:@std/collections"
      ]
    }
  },
  "npm": {
    "@bufbuild/protobuf@2.2.3": {
      "integrity": "sha512-tFQoXHJdkEOSwj5tRIZSPNUuXK3RaR7T1nUrPgbYX1pUbvqqaaZAsfo+NXBPsz5rZMSKVFrgK1WL8Q/MSLvprg=="
    },
    "@noble/hashes@1.7.0": {
      "integrity": "sha512-HXydb0DgzTpDPwbVeDGCG1gIu7X6+AuU6Zl6av/E/KG8LMsvPntvq+w17CHRpKBmN6Ybdrt1eP3k4cj8DJa78w=="
    },
    "base-x@5.0.0": {
      "integrity": "sha512-sMW3VGSX1QWVFA6l8U62MLKz29rRfpTlYdCqLdpLo1/Yd4zZwSbnUaDfciIAowAqvq7YFnWq9hrhdg1KYgc1lQ=="
    },
    "boolbase@1.0.0": {
      "integrity": "sha512-JZOSA7Mo9sNGB8+UjSgzdLtokWAky1zbztM3WRLCbZ70/3cTANmQmOdR7y2g+J0e2WXywy1yS468tY+IruqEww=="
    },
    "bs58@6.0.0": {
      "integrity": "sha512-PD0wEnEYg6ijszw/u8s+iI3H17cTymlrwkKhDhPZq+Sokl3AU4htyBFTjAeNAlCCmg0f53g6ih3jATyCKftTfw==",
      "dependencies": [
        "base-x"
      ]
    },
    "bs58check@4.0.0": {
      "integrity": "sha512-FsGDOnFg9aVI9erdriULkd/JjEWONV/lQE5aYziB5PoBsXRind56lh8doIZIc9X4HoxT5x4bLjMWN1/NB8Zp5g==",
      "dependencies": [
        "@noble/hashes",
        "bs58"
      ]
    },
    "css-select@5.1.0": {
      "integrity": "sha512-nwoRF1rvRRnnCqqY7updORDsuqKzqYJ28+oSMaJMMgOauh3fvwHqMS7EZpIPqK8GL+g9mKxF1vP/ZjSeNjEVHg==",
      "dependencies": [
        "boolbase",
        "css-what",
        "domhandler",
        "domutils",
        "nth-check"
      ]
    },
    "css-what@6.1.0": {
      "integrity": "sha512-HTUrgRJ7r4dsZKU6GjmpfRK1O76h97Z8MfS1G0FozR+oF2kG6Vfe8JE6zwrkbxigziPHinCJ+gCPjA9EaBDtRw=="
    },
    "dom-serializer@2.0.0": {
      "integrity": "sha512-wIkAryiqt/nV5EQKqQpo3SToSOV9J0DnbJqwK7Wv/Trc92zIAYZ4FlMu+JPFW1DfGFt81ZTCGgDEabffXeLyJg==",
      "dependencies": [
        "domelementtype",
        "domhandler",
        "entities"
      ]
    },
    "domelementtype@2.3.0": {
      "integrity": "sha512-OLETBj6w0OsagBwdXnPdN0cnMfF9opN69co+7ZrbfPGrdpPVNBUj02spi6B1N7wChLQiPn4CSH/zJvXw56gmHw=="
    },
    "domhandler@5.0.3": {
      "integrity": "sha512-cgwlv/1iFQiFnU96XXgROh8xTeetsnJiDsTc7TYCLFd9+/WNkIqPTxiM/8pSd8VIrhXGTf1Ny1q1hquVqDJB5w==",
      "dependencies": [
        "domelementtype"
      ]
    },
    "domutils@3.1.0": {
      "integrity": "sha512-H78uMmQtI2AhgDJjWeQmHwJJ2bLPD3GMmO7Zja/ZZh84wkm+4ut+IUnUdRa8uCGX88DiVx1j6FRe1XfxEgjEZA==",
      "dependencies": [
        "dom-serializer",
        "domelementtype",
        "domhandler"
      ]
    },
    "entities@4.5.0": {
      "integrity": "sha512-V0hjH4dGPh9Ao5p0MoRY6BVqtwCjhz6vI5LT8AJ55H+4g9/4vbHx1I54fS0XuclLhDHArPQCiMjDxjaL8fPxhw=="
    },
    "he@1.2.0": {
      "integrity": "sha512-F/1DnUGPopORZi0ni+CvrCgHQ5FyEAHRLSApuYWMmrbSwoN2Mn/7k+Gl38gJnR7yyDZk6WLXwiGod1JOWNDKGw=="
    },
    "node-html-markdown@1.3.0": {
      "integrity": "sha512-OeFi3QwC/cPjvVKZ114tzzu+YoR+v9UXW5RwSXGUqGb0qCl0DvP406tzdL7SFn8pZrMyzXoisfG2zcuF9+zw4g==",
      "dependencies": [
        "node-html-parser"
      ]
    },
    "node-html-parser@6.1.13": {
      "integrity": "sha512-qIsTMOY4C/dAa5Q5vsobRpOOvPfC4pB61UVW2uSwZNUp0QU/jCekTal1vMmbO0DgdHeLUJpv/ARmDqErVxA3Sg==",
      "dependencies": [
        "css-select",
        "he"
      ]
    },
    "nth-check@2.1.1": {
      "integrity": "sha512-lqjrjmaOoAnWfMmBPL+XNnynZh2+swxiX3WUE0s4yEHI6m+AwrK2UZOimIRl3X/4QctVqS8AiZjFqyOGrMXb/w==",
      "dependencies": [
        "boolbase"
      ]
    },
    "zod@3.24.1": {
      "integrity": "sha512-muH7gBL9sI1nciMZV67X5fTKKBLtwpZ5VBp1vsOQzj1MhrBZ4wlVCm3gedKZWLp0Oyel8sIGfeiz54Su+OVT+A=="
    }
  },
  "workspace": {
    "dependencies": [
      "jsr:@cliffy/command@1.0.0-rc.7",
      "jsr:@diskuto/client@0.10",
      "jsr:@mikaelporttila/rss@^1.1.1",
      "jsr:@std/toml@^1.0.2",
      "npm:node-html-markdown@^1.3.0",
      "npm:zod@^3.24.1"
    ]
  }
}
